gopkg.in/ini.v1 v1.67.0/go.mod h1:pNLf8WUiyNEtQjuu5G5vTm06TEv9tsIgeAvK8hOrP4k=
periph.io/x/conn/v3 v3.7.0/go.mod h1:ypY7UVxgDbP9PJGwFSVelRRagxyXYfttVh7hJZUHEhg=
periph.io/x/devices/v3 v3.7.1/go.mod h1:ezQOe8WknDaMbKZXVwQUQkIauyLyJshwAHkIohHXA94=
periph.io/x/host/v3 v3.8.2/go.mod h1:yFL76AesNHR68PboofSWYaQTKmvPXsQH2Apvp/ls/K4=
